
Microsoft Visual Studio Solution File, Format Version 12.00
# Visual Studio Version 17
VisualStudioVersion = 17.7.34031.279
MinimumVisualStudioVersion = 10.0.40219.1
Project("{FAE04EC0-301F-11D3-BF4B-00C04F79EFBC}") = "Lab7_Q8", "Lab7_Q8\Lab7_Q8.csproj", "{C77433E9-5D17-4D8C-94FA-D69251D1E48F}"
EndProject
Global
	GlobalSection(SolutionConfigurationPlatforms) = preSolution
		Debug|Any CPU = Debug|Any CPU
		Release|Any CPU = Release|Any CPU
	EndGlobalSection
	GlobalSection(ProjectConfigurationPlatforms) = postSolution
		{C77433E9-5D17-4D8C-94FA-D69251D1E48F}.Debug|Any CPU.ActiveCfg = Debug|Any CPU
		{C77433E9-5D17-4D8C-94FA-D69251D1E48F}.Debug|Any CPU.Build.0 = Debug|Any CPU
		{C77433E9-5D17-4D8C-94FA-D69251D1E48F}.Release|Any CPU.ActiveCfg = Release|Any CPU
		{C77433E9-5D17-4D8C-94FA-D69251D1E48F}.Release|Any CPU.Build.0 = Release|Any CPU
	EndGlobalSection
	GlobalSection(SolutionProperties) = preSolution
		HideSolutionNode = FALSE
	EndGlobalSection
	GlobalSection(ExtensibilityGlobals) = postSolution
		SolutionGuid = {E18E39EE-2D5F-4A21-BD49-5C34CFD4D40E}
	EndGlobalSection
EndGlobal
